<?xml version="1.0" encoding="UTF-8" standalone="yes" ?>
<CodeBlocks_project_file>
	<FileVersion major="1" minor="6" />
	<Project>
		<Option title="Hexes" />
		<Option pch_mode="2" />
		<Option compiler="gcc" />
		<Build>
			<Target title="Debug">
				<Option output="bin/Debug/Hexes" prefix_auto="1" extension_auto="1" />
				<Option object_output="obj/Debug/" />
				<Option type="1" />
				<Option compiler="gcc" />
				<Option use_console_runner="0" />
				<Compiler>
					<Add option="-g" />
				</Compiler>
				<Linker>
					<Add library="sfml-system-d" />
					<Add library="sfml-window-d" />
					<Add library="sfml-graphics-d" />
				</Linker>
			</Target>
			<Target title="Release">
				<Option output="bin/Release/Hexes" prefix_auto="1" extension_auto="1" />
				<Option object_output="obj/Release/" />
				<Option type="1" />
				<Option compiler="gcc" />
				<Compiler>
					<Add option="-O2" />
				</Compiler>
				<Linker>
					<Add option="-s" />
					<Add library="sfml-system" />
					<Add library="sfml-window" />
					<Add library="sfml-graphics" />
				</Linker>
			</Target>
		</Build>
		<Compiler>
			<Add option="-Wall" />
			<Add directory="F:/Biblioteki/SFML32b/include" />
		</Compiler>
		<Linker>
			<Add directory="F:/Biblioteki/SFML32b/lib" />
		</Linker>
		<Unit filename="hex.cpp" />
		<Unit filename="hex.h" />
		<Unit filename="hexmap.cpp" />
		<Unit filename="hexmap.h" />
		<Unit filename="main.cpp" />
		<Unit filename="myHeader.cpp" />
		<Unit filename="myHeader.h" />
		<Unit filename="player.cpp" />
		<Unit filename="player.h" />
		<Extensions>
			<code_completion />
			<envvars />
			<debugger />
			<lib_finder disable_auto="1" />
		</Extensions>
	</Project>
</CodeBlocks_project_file>
